
Microsoft Visual Studio Solution File, Format Version 12.00
# Visual Studio Version 17
VisualStudioVersion = 17.7.34009.444
MinimumVisualStudioVersion = 10.0.40219.1
Project("{8BC9CEB8-8B4A-11D0-8D11-00A0C91BC942}") = "Задача_48", "Задача_48\Задача_48.vcxproj", "{097BAF15-1447-4C25-B427-619B57F8559E}"
EndProject
Project("{8BC9CEB8-8B4A-11D0-8D11-00A0C91BC942}") = "Задача_31", "Задача_31\Задача_31.vcxproj", "{A34CAF76-8A2D-41F0-87A8-1512A90D0A88}"
EndProject
Project("{8BC9CEB8-8B4A-11D0-8D11-00A0C91BC942}") = "Задача_28", "Задача_28\Задача_28.vcxproj", "{E62BE3D9-AAEC-42CC-8081-5B2419D486DB}"
EndProject
Project("{8BC9CEB8-8B4A-11D0-8D11-00A0C91BC942}") = "Задача_16", "Задача_16\Задача_16.vcxproj", "{F27543B1-300E-415A-B2BF-A2DCEF637D92}"
EndProject
Project("{8BC9CEB8-8B4A-11D0-8D11-00A0C91BC942}") = "Задача_15", "Задача_15\Задача_15.vcxproj", "{31F30348-C246-4B06-8DB6-EAFF3BD2528E}"
EndProject
Project("{8BC9CEB8-8B4A-11D0-8D11-00A0C91BC942}") = "Задача_14", "Задача_14\Задача_14.vcxproj", "{7095A2F9-473B-4FD2-83B1-B3D4B9EA788F}"
EndProject
Project("{8BC9CEB8-8B4A-11D0-8D11-00A0C91BC942}") = "Задача_13", "Задача_13\Задача_13.vcxproj", "{6B68DE60-32AB-46B6-86F3-1E700278B08A}"
EndProject
Project("{8BC9CEB8-8B4A-11D0-8D11-00A0C91BC942}") = "Задача_38", "Задача_38\Задача_38.vcxproj", "{6406A86F-B0A3-4F00-8ADF-19236ED5AD54}"
EndProject
Project("{8BC9CEB8-8B4A-11D0-8D11-00A0C91BC942}") = "Задача_49", "Задача_49\Задача_49.vcxproj", "{82831CB4-EC6B-4B2A-B281-D531B3AEBADB}"
EndProject
Project("{8BC9CEB8-8B4A-11D0-8D11-00A0C91BC942}") = "Задача_47", "Задача_47\Задача_47.vcxproj", "{4AE9222D-662A-48CA-9C81-C9FD5485295C}"
EndProject
Project("{8BC9CEB8-8B4A-11D0-8D11-00A0C91BC942}") = "Задача_17Н", "Задача_50Н\Задача_50Н.vcxproj", "{EBF46B18-85B1-4439-B941-33DA6EB40EF5}"
EndProject
Project("{8BC9CEB8-8B4A-11D0-8D11-00A0C91BC942}") = "Задача_18", "Задача_18\Задача_18.vcxproj", "{422CEE1A-D594-453A-AEBF-A0E71DCE6537}"
EndProject
Project("{8BC9CEB8-8B4A-11D0-8D11-00A0C91BC942}") = "Задача_19", "Задача_19\Задача_19.vcxproj", "{D43AECB1-82CB-4856-9026-AE590EAEFC4E}"
EndProject
Project("{8BC9CEB8-8B4A-11D0-8D11-00A0C91BC942}") = "Задача_20", "Задача_20\Задача_20.vcxproj", "{C85821F0-087E-43CA-AA0A-492CB6C3FFF5}"
EndProject
Project("{8BC9CEB8-8B4A-11D0-8D11-00A0C91BC942}") = "Задача_21", "Задача_21\Задача_21.vcxproj", "{32E8E122-EB8F-4806-8E2E-2997D1CB853E}"
EndProject
Project("{8BC9CEB8-8B4A-11D0-8D11-00A0C91BC942}") = "Задача_22Н", "Задача_22Н\Задача_22Н.vcxproj", "{CCBB9431-C40F-4D3E-B4F9-8364B70E9E92}"
EndProject
Project("{8BC9CEB8-8B4A-11D0-8D11-00A0C91BC942}") = "Задача_23Н", "Задача_23Н\Задача_23Н.vcxproj", "{45162E41-0B96-4EA1-A117-050DC8E84086}"
EndProject
Project("{8BC9CEB8-8B4A-11D0-8D11-00A0C91BC942}") = "Задача_24Н", "Задача_24Н\Задача_24Н.vcxproj", "{0140B44A-9F2D-488D-9420-160EC37B8A9D}"
EndProject
Project("{8BC9CEB8-8B4A-11D0-8D11-00A0C91BC942}") = "Задача_25Н", "Задача_25Н\Задача_25Н.vcxproj", "{DF5D73EC-2D32-4277-BDBC-E2493C3BEFB8}"
EndProject
Project("{8BC9CEB8-8B4A-11D0-8D11-00A0C91BC942}") = "Задача_26Н", "Задача_26Н\Задача_26Н.vcxproj", "{2F858AAB-B4E2-413D-8EF5-F97D254683FE}"
EndProject
Project("{8BC9CEB8-8B4A-11D0-8D11-00A0C91BC942}") = "Задача_27Н", "Задача_27Н\Задача_27Н.vcxproj", "{31470DC4-85BF-4BF5-B9E1-414C703AE6FD}"
EndProject
Project("{8BC9CEB8-8B4A-11D0-8D11-00A0C91BC942}") = "Задача_29Н", "Задача_29Н\Задача_29Н.vcxproj", "{709FA4E3-AB6D-4DC8-B877-27B11B023ABC}"
EndProject
Project("{8BC9CEB8-8B4A-11D0-8D11-00A0C91BC942}") = "Задача_32Н", "Задача_32Н\Задача_32Н.vcxproj", "{FAFA235B-0EEA-4C46-AB71-152CF4A6C718}"
EndProject
Project("{8BC9CEB8-8B4A-11D0-8D11-00A0C91BC942}") = "Задача_33Н", "Задача_33Н\Задача_33Н.vcxproj", "{9E92EA92-F5AC-42AE-84E2-A50DB88AE85F}"
EndProject
Project("{8BC9CEB8-8B4A-11D0-8D11-00A0C91BC942}") = "Задача_34Н", "Задача_34Н\Задача_34Н.vcxproj", "{5425B032-86EC-444C-B745-3536FA6843D7}"
EndProject
Project("{8BC9CEB8-8B4A-11D0-8D11-00A0C91BC942}") = "Задача_36Н", "Задача_36Н\Задача_36Н.vcxproj", "{5C072470-386F-43A9-A153-556625869860}"
EndProject
Project("{8BC9CEB8-8B4A-11D0-8D11-00A0C91BC942}") = "Задача_37Н", "Задача_37Н\Задача_37Н.vcxproj", "{236E8286-E12E-475A-95D7-EE302995CFC1}"
EndProject
Project("{8BC9CEB8-8B4A-11D0-8D11-00A0C91BC942}") = "Задача_39Н", "Задача_39Н\Задача_39Н.vcxproj", "{B1AF012F-B4BF-44A4-95AA-7C54A8ADCA9E}"
EndProject
Project("{8BC9CEB8-8B4A-11D0-8D11-00A0C91BC942}") = "Задача_40Н", "Задача_40Н\Задача_40Н.vcxproj", "{CF2CF921-4C4A-4CDC-9AEA-2B75CB46F6E8}"
EndProject
Project("{8BC9CEB8-8B4A-11D0-8D11-00A0C91BC942}") = "Задача_41Н", "Задача_41Н\Задача_41Н.vcxproj", "{90B2E8C4-1DCC-4119-92CF-1F6113CCD026}"
EndProject
Project("{8BC9CEB8-8B4A-11D0-8D11-00A0C91BC942}") = "Задача_42Н", "Задача_42Н\Задача_42Н.vcxproj", "{C91F8969-C937-4518-B728-0DF976448893}"
EndProject
Project("{8BC9CEB8-8B4A-11D0-8D11-00A0C91BC942}") = "Задача_43Н", "Задача_43Н\Задача_43Н.vcxproj", "{370F05AC-CED2-41E5-8EA4-80D56669B4CD}"
EndProject
Project("{8BC9CEB8-8B4A-11D0-8D11-00A0C91BC942}") = "Задача_44Н", "Задача_44Н\Задача_44Н.vcxproj", "{7ED783A8-6DD4-441C-A59C-9A1992771EDE}"
EndProject
Project("{8BC9CEB8-8B4A-11D0-8D11-00A0C91BC942}") = "Задача_45Н", "Задача_45Y\Задача_45Y.vcxproj", "{FE359905-5231-415A-A072-3524126DA96E}"
EndProject
Project("{8BC9CEB8-8B4A-11D0-8D11-00A0C91BC942}") = "Задача_46Н", "Задача_46Н\Задача_46Н.vcxproj", "{3CD27A9C-E4E5-495E-B67A-85CCAF36DC34}"
EndProject
Global
	GlobalSection(SolutionConfigurationPlatforms) = preSolution
		Debug|Win32 = Debug|Win32
		Debug|x64 = Debug|x64
		Release|Win32 = Release|Win32
		Release|x64 = Release|x64
	EndGlobalSection
	GlobalSection(ProjectConfigurationPlatforms) = postSolution
		{097BAF15-1447-4C25-B427-619B57F8559E}.Debug|Win32.ActiveCfg = Debug|Win32
		{097BAF15-1447-4C25-B427-619B57F8559E}.Debug|Win32.Build.0 = Debug|Win32
		{097BAF15-1447-4C25-B427-619B57F8559E}.Debug|x64.ActiveCfg = Debug|x64
		{097BAF15-1447-4C25-B427-619B57F8559E}.Debug|x64.Build.0 = Debug|x64
		{097BAF15-1447-4C25-B427-619B57F8559E}.Release|Win32.ActiveCfg = Release|Win32
		{097BAF15-1447-4C25-B427-619B57F8559E}.Release|Win32.Build.0 = Release|Win32
		{097BAF15-1447-4C25-B427-619B57F8559E}.Release|x64.ActiveCfg = Release|x64
		{097BAF15-1447-4C25-B427-619B57F8559E}.Release|x64.Build.0 = Release|x64
		{A34CAF76-8A2D-41F0-87A8-1512A90D0A88}.Debug|Win32.ActiveCfg = Debug|Win32
		{A34CAF76-8A2D-41F0-87A8-1512A90D0A88}.Debug|Win32.Build.0 = Debug|Win32
		{A34CAF76-8A2D-41F0-87A8-1512A90D0A88}.Debug|x64.ActiveCfg = Debug|x64
		{A34CAF76-8A2D-41F0-87A8-1512A90D0A88}.Debug|x64.Build.0 = Debug|x64
		{A34CAF76-8A2D-41F0-87A8-1512A90D0A88}.Release|Win32.ActiveCfg = Release|Win32
		{A34CAF76-8A2D-41F0-87A8-1512A90D0A88}.Release|Win32.Build.0 = Release|Win32
		{A34CAF76-8A2D-41F0-87A8-1512A90D0A88}.Release|x64.ActiveCfg = Release|x64
		{A34CAF76-8A2D-41F0-87A8-1512A90D0A88}.Release|x64.Build.0 = Release|x64
		{E62BE3D9-AAEC-42CC-8081-5B2419D486DB}.Debug|Win32.ActiveCfg = Debug|Win32
		{E62BE3D9-AAEC-42CC-8081-5B2419D486DB}.Debug|Win32.Build.0 = Debug|Win32
		{E62BE3D9-AAEC-42CC-8081-5B2419D486DB}.Debug|x64.ActiveCfg = Debug|x64
		{E62BE3D9-AAEC-42CC-8081-5B2419D486DB}.Debug|x64.Build.0 = Debug|x64
		{E62BE3D9-AAEC-42CC-8081-5B2419D486DB}.Release|Win32.ActiveCfg = Release|Win32
		{E62BE3D9-AAEC-42CC-8081-5B2419D486DB}.Release|Win32.Build.0 = Release|Win32
		{E62BE3D9-AAEC-42CC-8081-5B2419D486DB}.Release|x64.ActiveCfg = Release|x64
		{E62BE3D9-AAEC-42CC-8081-5B2419D486DB}.Release|x64.Build.0 = Release|x64
		{F27543B1-300E-415A-B2BF-A2DCEF637D92}.Debug|Win32.ActiveCfg = Debug|Win32
		{F27543B1-300E-415A-B2BF-A2DCEF637D92}.Debug|Win32.Build.0 = Debug|Win32
		{F27543B1-300E-415A-B2BF-A2DCEF637D92}.Debug|x64.ActiveCfg = Debug|x64
		{F27543B1-300E-415A-B2BF-A2DCEF637D92}.Debug|x64.Build.0 = Debug|x64
		{F27543B1-300E-415A-B2BF-A2DCEF637D92}.Release|Win32.ActiveCfg = Release|Win32
		{F27543B1-300E-415A-B2BF-A2DCEF637D92}.Release|Win32.Build.0 = Release|Win32
		{F27543B1-300E-415A-B2BF-A2DCEF637D92}.Release|x64.ActiveCfg = Release|x64
		{F27543B1-300E-415A-B2BF-A2DCEF637D92}.Release|x64.Build.0 = Release|x64
		{31F30348-C246-4B06-8DB6-EAFF3BD2528E}.Debug|Win32.ActiveCfg = Debug|Win32
		{31F30348-C246-4B06-8DB6-EAFF3BD2528E}.Debug|Win32.Build.0 = Debug|Win32
		{31F30348-C246-4B06-8DB6-EAFF3BD2528E}.Debug|x64.ActiveCfg = Debug|x64
		{31F30348-C246-4B06-8DB6-EAFF3BD2528E}.Debug|x64.Build.0 = Debug|x64
		{31F30348-C246-4B06-8DB6-EAFF3BD2528E}.Release|Win32.ActiveCfg = Release|Win32
		{31F30348-C246-4B06-8DB6-EAFF3BD2528E}.Release|Win32.Build.0 = Release|Win32
		{31F30348-C246-4B06-8DB6-EAFF3BD2528E}.Release|x64.ActiveCfg = Release|x64
		{31F30348-C246-4B06-8DB6-EAFF3BD2528E}.Release|x64.Build.0 = Release|x64
		{7095A2F9-473B-4FD2-83B1-B3D4B9EA788F}.Debug|Win32.ActiveCfg = Debug|Win32
		{7095A2F9-473B-4FD2-83B1-B3D4B9EA788F}.Debug|Win32.Build.0 = Debug|Win32
		{7095A2F9-473B-4FD2-83B1-B3D4B9EA788F}.Debug|x64.ActiveCfg = Debug|x64
		{7095A2F9-473B-4FD2-83B1-B3D4B9EA788F}.Debug|x64.Build.0 = Debug|x64
		{7095A2F9-473B-4FD2-83B1-B3D4B9EA788F}.Release|Win32.ActiveCfg = Release|Win32
		{7095A2F9-473B-4FD2-83B1-B3D4B9EA788F}.Release|Win32.Build.0 = Release|Win32
		{7095A2F9-473B-4FD2-83B1-B3D4B9EA788F}.Release|x64.ActiveCfg = Release|x64
		{7095A2F9-473B-4FD2-83B1-B3D4B9EA788F}.Release|x64.Build.0 = Release|x64
		{6B68DE60-32AB-46B6-86F3-1E700278B08A}.Debug|Win32.ActiveCfg = Debug|Win32
		{6B68DE60-32AB-46B6-86F3-1E700278B08A}.Debug|Win32.Build.0 = Debug|Win32
		{6B68DE60-32AB-46B6-86F3-1E700278B08A}.Debug|x64.ActiveCfg = Debug|x64
		{6B68DE60-32AB-46B6-86F3-1E700278B08A}.Debug|x64.Build.0 = Debug|x64
		{6B68DE60-32AB-46B6-86F3-1E700278B08A}.Release|Win32.ActiveCfg = Release|Win32
		{6B68DE60-32AB-46B6-86F3-1E700278B08A}.Release|Win32.Build.0 = Release|Win32
		{6B68DE60-32AB-46B6-86F3-1E700278B08A}.Release|x64.ActiveCfg = Release|x64
		{6B68DE60-32AB-46B6-86F3-1E700278B08A}.Release|x64.Build.0 = Release|x64
		{6406A86F-B0A3-4F00-8ADF-19236ED5AD54}.Debug|Win32.ActiveCfg = Debug|Win32
		{6406A86F-B0A3-4F00-8ADF-19236ED5AD54}.Debug|Win32.Build.0 = Debug|Win32
		{6406A86F-B0A3-4F00-8ADF-19236ED5AD54}.Debug|x64.ActiveCfg = Debug|x64
		{6406A86F-B0A3-4F00-8ADF-19236ED5AD54}.Debug|x64.Build.0 = Debug|x64
		{6406A86F-B0A3-4F00-8ADF-19236ED5AD54}.Release|Win32.ActiveCfg = Release|Win32
		{6406A86F-B0A3-4F00-8ADF-19236ED5AD54}.Release|Win32.Build.0 = Release|Win32
		{6406A86F-B0A3-4F00-8ADF-19236ED5AD54}.Release|x64.ActiveCfg = Release|x64
		{6406A86F-B0A3-4F00-8ADF-19236ED5AD54}.Release|x64.Build.0 = Release|x64
		{82831CB4-EC6B-4B2A-B281-D531B3AEBADB}.Debug|Win32.ActiveCfg = Debug|Win32
		{82831CB4-EC6B-4B2A-B281-D531B3AEBADB}.Debug|Win32.Build.0 = Debug|Win32
		{82831CB4-EC6B-4B2A-B281-D531B3AEBADB}.Debug|x64.ActiveCfg = Debug|x64
		{82831CB4-EC6B-4B2A-B281-D531B3AEBADB}.Debug|x64.Build.0 = Debug|x64
		{82831CB4-EC6B-4B2A-B281-D531B3AEBADB}.Release|Win32.ActiveCfg = Release|Win32
		{82831CB4-EC6B-4B2A-B281-D531B3AEBADB}.Release|Win32.Build.0 = Release|Win32
		{82831CB4-EC6B-4B2A-B281-D531B3AEBADB}.Release|x64.ActiveCfg = Release|x64
		{82831CB4-EC6B-4B2A-B281-D531B3AEBADB}.Release|x64.Build.0 = Release|x64
		{4AE9222D-662A-48CA-9C81-C9FD5485295C}.Debug|Win32.ActiveCfg = Debug|Win32
		{4AE9222D-662A-48CA-9C81-C9FD5485295C}.Debug|Win32.Build.0 = Debug|Win32
		{4AE9222D-662A-48CA-9C81-C9FD5485295C}.Debug|x64.ActiveCfg = Debug|x64
		{4AE9222D-662A-48CA-9C81-C9FD5485295C}.Debug|x64.Build.0 = Debug|x64
		{4AE9222D-662A-48CA-9C81-C9FD5485295C}.Release|Win32.ActiveCfg = Release|Win32
		{4AE9222D-662A-48CA-9C81-C9FD5485295C}.Release|Win32.Build.0 = Release|Win32
		{4AE9222D-662A-48CA-9C81-C9FD5485295C}.Release|x64.ActiveCfg = Release|x64
		{4AE9222D-662A-48CA-9C81-C9FD5485295C}.Release|x64.Build.0 = Release|x64
		{EBF46B18-85B1-4439-B941-33DA6EB40EF5}.Debug|Win32.ActiveCfg = Debug|Win32
		{EBF46B18-85B1-4439-B941-33DA6EB40EF5}.Debug|Win32.Build.0 = Debug|Win32
		{EBF46B18-85B1-4439-B941-33DA6EB40EF5}.Debug|x64.ActiveCfg = Debug|x64
		{EBF46B18-85B1-4439-B941-33DA6EB40EF5}.Debug|x64.Build.0 = Debug|x64
		{EBF46B18-85B1-4439-B941-33DA6EB40EF5}.Release|Win32.ActiveCfg = Release|Win32
		{EBF46B18-85B1-4439-B941-33DA6EB40EF5}.Release|Win32.Build.0 = Release|Win32
		{EBF46B18-85B1-4439-B941-33DA6EB40EF5}.Release|x64.ActiveCfg = Release|x64
		{EBF46B18-85B1-4439-B941-33DA6EB40EF5}.Release|x64.Build.0 = Release|x64
		{422CEE1A-D594-453A-AEBF-A0E71DCE6537}.Debug|Win32.ActiveCfg = Debug|Win32
		{422CEE1A-D594-453A-AEBF-A0E71DCE6537}.Debug|Win32.Build.0 = Debug|Win32
		{422CEE1A-D594-453A-AEBF-A0E71DCE6537}.Debug|x64.ActiveCfg = Debug|x64
		{422CEE1A-D594-453A-AEBF-A0E71DCE6537}.Debug|x64.Build.0 = Debug|x64
		{422CEE1A-D594-453A-AEBF-A0E71DCE6537}.Release|Win32.ActiveCfg = Release|Win32
		{422CEE1A-D594-453A-AEBF-A0E71DCE6537}.Release|Win32.Build.0 = Release|Win32
		{422CEE1A-D594-453A-AEBF-A0E71DCE6537}.Release|x64.ActiveCfg = Release|x64
		{422CEE1A-D594-453A-AEBF-A0E71DCE6537}.Release|x64.Build.0 = Release|x64
		{D43AECB1-82CB-4856-9026-AE590EAEFC4E}.Debug|Win32.ActiveCfg = Debug|Win32
		{D43AECB1-82CB-4856-9026-AE590EAEFC4E}.Debug|Win32.Build.0 = Debug|Win32
		{D43AECB1-82CB-4856-9026-AE590EAEFC4E}.Debug|x64.ActiveCfg = Debug|x64
		{D43AECB1-82CB-4856-9026-AE590EAEFC4E}.Debug|x64.Build.0 = Debug|x64
		{D43AECB1-82CB-4856-9026-AE590EAEFC4E}.Release|Win32.ActiveCfg = Release|Win32
		{D43AECB1-82CB-4856-9026-AE590EAEFC4E}.Release|Win32.Build.0 = Release|Win32
		{D43AECB1-82CB-4856-9026-AE590EAEFC4E}.Release|x64.ActiveCfg = Release|x64
		{D43AECB1-82CB-4856-9026-AE590EAEFC4E}.Release|x64.Build.0 = Release|x64
		{C85821F0-087E-43CA-AA0A-492CB6C3FFF5}.Debug|Win32.ActiveCfg = Debug|Win32
		{C85821F0-087E-43CA-AA0A-492CB6C3FFF5}.Debug|Win32.Build.0 = Debug|Win32
		{C85821F0-087E-43CA-AA0A-492CB6C3FFF5}.Debug|x64.ActiveCfg = Debug|x64
		{C85821F0-087E-43CA-AA0A-492CB6C3FFF5}.Debug|x64.Build.0 = Debug|x64
		{C85821F0-087E-43CA-AA0A-492CB6C3FFF5}.Release|Win32.ActiveCfg = Release|Win32
		{C85821F0-087E-43CA-AA0A-492CB6C3FFF5}.Release|Win32.Build.0 = Release|Win32
		{C85821F0-087E-43CA-AA0A-492CB6C3FFF5}.Release|x64.ActiveCfg = Release|x64
		{C85821F0-087E-43CA-AA0A-492CB6C3FFF5}.Release|x64.Build.0 = Release|x64
		{32E8E122-EB8F-4806-8E2E-2997D1CB853E}.Debug|Win32.ActiveCfg = Debug|Win32
		{32E8E122-EB8F-4806-8E2E-2997D1CB853E}.Debug|Win32.Build.0 = Debug|Win32
		{32E8E122-EB8F-4806-8E2E-2997D1CB853E}.Debug|x64.ActiveCfg = Debug|x64
		{32E8E122-EB8F-4806-8E2E-2997D1CB853E}.Debug|x64.Build.0 = Debug|x64
		{32E8E122-EB8F-4806-8E2E-2997D1CB853E}.Release|Win32.ActiveCfg = Release|Win32
		{32E8E122-EB8F-4806-8E2E-2997D1CB853E}.Release|Win32.Build.0 = Release|Win32
		{32E8E122-EB8F-4806-8E2E-2997D1CB853E}.Release|x64.ActiveCfg = Release|x64
		{32E8E122-EB8F-4806-8E2E-2997D1CB853E}.Release|x64.Build.0 = Release|x64
		{CCBB9431-C40F-4D3E-B4F9-8364B70E9E92}.Debug|Win32.ActiveCfg = Debug|Win32
		{CCBB9431-C40F-4D3E-B4F9-8364B70E9E92}.Debug|Win32.Build.0 = Debug|Win32
		{CCBB9431-C40F-4D3E-B4F9-8364B70E9E92}.Debug|x64.ActiveCfg = Debug|x64
		{CCBB9431-C40F-4D3E-B4F9-8364B70E9E92}.Debug|x64.Build.0 = Debug|x64
		{CCBB9431-C40F-4D3E-B4F9-8364B70E9E92}.Release|Win32.ActiveCfg = Release|Win32
		{CCBB9431-C40F-4D3E-B4F9-8364B70E9E92}.Release|Win32.Build.0 = Release|Win32
		{CCBB9431-C40F-4D3E-B4F9-8364B70E9E92}.Release|x64.ActiveCfg = Release|x64
		{CCBB9431-C40F-4D3E-B4F9-8364B70E9E92}.Release|x64.Build.0 = Release|x64
		{45162E41-0B96-4EA1-A117-050DC8E84086}.Debug|Win32.ActiveCfg = Debug|Win32
		{45162E41-0B96-4EA1-A117-050DC8E84086}.Debug|Win32.Build.0 = Debug|Win32
		{45162E41-0B96-4EA1-A117-050DC8E84086}.Debug|x64.ActiveCfg = Debug|x64
		{45162E41-0B96-4EA1-A117-050DC8E84086}.Debug|x64.Build.0 = Debug|x64
		{45162E41-0B96-4EA1-A117-050DC8E84086}.Release|Win32.ActiveCfg = Release|Win32
		{45162E41-0B96-4EA1-A117-050DC8E84086}.Release|Win32.Build.0 = Release|Win32
		{45162E41-0B96-4EA1-A117-050DC8E84086}.Release|x64.ActiveCfg = Release|x64
		{45162E41-0B96-4EA1-A117-050DC8E84086}.Release|x64.Build.0 = Release|x64
		{0140B44A-9F2D-488D-9420-160EC37B8A9D}.Debug|Win32.ActiveCfg = Debug|Win32
		{0140B44A-9F2D-488D-9420-160EC37B8A9D}.Debug|Win32.Build.0 = Debug|Win32
		{0140B44A-9F2D-488D-9420-160EC37B8A9D}.Debug|x64.ActiveCfg = Debug|x64
		{0140B44A-9F2D-488D-9420-160EC37B8A9D}.Debug|x64.Build.0 = Debug|x64
		{0140B44A-9F2D-488D-9420-160EC37B8A9D}.Release|Win32.ActiveCfg = Release|Win32
		{0140B44A-9F2D-488D-9420-160EC37B8A9D}.Release|Win32.Build.0 = Release|Win32
		{0140B44A-9F2D-488D-9420-160EC37B8A9D}.Release|x64.ActiveCfg = Release|x64
		{0140B44A-9F2D-488D-9420-160EC37B8A9D}.Release|x64.Build.0 = Release|x64
		{DF5D73EC-2D32-4277-BDBC-E2493C3BEFB8}.Debug|Win32.ActiveCfg = Debug|Win32
		{DF5D73EC-2D32-4277-BDBC-E2493C3BEFB8}.Debug|Win32.Build.0 = Debug|Win32
		{DF5D73EC-2D32-4277-BDBC-E2493C3BEFB8}.Debug|x64.ActiveCfg = Debug|x64
		{DF5D73EC-2D32-4277-BDBC-E2493C3BEFB8}.Debug|x64.Build.0 = Debug|x64
		{DF5D73EC-2D32-4277-BDBC-E2493C3BEFB8}.Release|Win32.ActiveCfg = Release|Win32
		{DF5D73EC-2D32-4277-BDBC-E2493C3BEFB8}.Release|Win32.Build.0 = Release|Win32
		{DF5D73EC-2D32-4277-BDBC-E2493C3BEFB8}.Release|x64.ActiveCfg = Release|x64
		{DF5D73EC-2D32-4277-BDBC-E2493C3BEFB8}.Release|x64.Build.0 = Release|x64
		{2F858AAB-B4E2-413D-8EF5-F97D254683FE}.Debug|Win32.ActiveCfg = Debug|Win32
		{2F858AAB-B4E2-413D-8EF5-F97D254683FE}.Debug|Win32.Build.0 = Debug|Win32
		{2F858AAB-B4E2-413D-8EF5-F97D254683FE}.Debug|x64.ActiveCfg = Debug|x64
		{2F858AAB-B4E2-413D-8EF5-F97D254683FE}.Debug|x64.Build.0 = Debug|x64
		{2F858AAB-B4E2-413D-8EF5-F97D254683FE}.Release|Win32.ActiveCfg = Release|Win32
		{2F858AAB-B4E2-413D-8EF5-F97D254683FE}.Release|Win32.Build.0 = Release|Win32
		{2F858AAB-B4E2-413D-8EF5-F97D254683FE}.Release|x64.ActiveCfg = Release|x64
		{2F858AAB-B4E2-413D-8EF5-F97D254683FE}.Release|x64.Build.0 = Release|x64
		{31470DC4-85BF-4BF5-B9E1-414C703AE6FD}.Debug|Win32.ActiveCfg = Debug|Win32
		{31470DC4-85BF-4BF5-B9E1-414C703AE6FD}.Debug|Win32.Build.0 = Debug|Win32
		{31470DC4-85BF-4BF5-B9E1-414C703AE6FD}.Debug|x64.ActiveCfg = Debug|x64
		{31470DC4-85BF-4BF5-B9E1-414C703AE6FD}.Debug|x64.Build.0 = Debug|x64
		{31470DC4-85BF-4BF5-B9E1-414C703AE6FD}.Release|Win32.ActiveCfg = Release|Win32
		{31470DC4-85BF-4BF5-B9E1-414C703AE6FD}.Release|Win32.Build.0 = Release|Win32
		{31470DC4-85BF-4BF5-B9E1-414C703AE6FD}.Release|x64.ActiveCfg = Release|x64
		{31470DC4-85BF-4BF5-B9E1-414C703AE6FD}.Release|x64.Build.0 = Release|x64
		{709FA4E3-AB6D-4DC8-B877-27B11B023ABC}.Debug|Win32.ActiveCfg = Debug|Win32
		{709FA4E3-AB6D-4DC8-B877-27B11B023ABC}.Debug|Win32.Build.0 = Debug|Win32
		{709FA4E3-AB6D-4DC8-B877-27B11B023ABC}.Debug|x64.ActiveCfg = Debug|x64
		{709FA4E3-AB6D-4DC8-B877-27B11B023ABC}.Debug|x64.Build.0 = Debug|x64
		{709FA4E3-AB6D-4DC8-B877-27B11B023ABC}.Release|Win32.ActiveCfg = Release|Win32
		{709FA4E3-AB6D-4DC8-B877-27B11B023ABC}.Release|Win32.Build.0 = Release|Win32
		{709FA4E3-AB6D-4DC8-B877-27B11B023ABC}.Release|x64.ActiveCfg = Release|x64
		{709FA4E3-AB6D-4DC8-B877-27B11B023ABC}.Release|x64.Build.0 = Release|x64
		{FAFA235B-0EEA-4C46-AB71-152CF4A6C718}.Debug|Win32.ActiveCfg = Debug|Win32
		{FAFA235B-0EEA-4C46-AB71-152CF4A6C718}.Debug|Win32.Build.0 = Debug|Win32
		{FAFA235B-0EEA-4C46-AB71-152CF4A6C718}.Debug|x64.ActiveCfg = Debug|x64
		{FAFA235B-0EEA-4C46-AB71-152CF4A6C718}.Debug|x64.Build.0 = Debug|x64
		{FAFA235B-0EEA-4C46-AB71-152CF4A6C718}.Release|Win32.ActiveCfg = Release|Win32
		{FAFA235B-0EEA-4C46-AB71-152CF4A6C718}.Release|Win32.Build.0 = Release|Win32
		{FAFA235B-0EEA-4C46-AB71-152CF4A6C718}.Release|x64.ActiveCfg = Release|x64
		{FAFA235B-0EEA-4C46-AB71-152CF4A6C718}.Release|x64.Build.0 = Release|x64
		{9E92EA92-F5AC-42AE-84E2-A50DB88AE85F}.Debug|Win32.ActiveCfg = Debug|Win32
		{9E92EA92-F5AC-42AE-84E2-A50DB88AE85F}.Debug|Win32.Build.0 = Debug|Win32
		{9E92EA92-F5AC-42AE-84E2-A50DB88AE85F}.Debug|x64.ActiveCfg = Debug|x64
		{9E92EA92-F5AC-42AE-84E2-A50DB88AE85F}.Debug|x64.Build.0 = Debug|x64
		{9E92EA92-F5AC-42AE-84E2-A50DB88AE85F}.Release|Win32.ActiveCfg = Release|Win32
		{9E92EA92-F5AC-42AE-84E2-A50DB88AE85F}.Release|Win32.Build.0 = Release|Win32
		{9E92EA92-F5AC-42AE-84E2-A50DB88AE85F}.Release|x64.ActiveCfg = Release|x64
		{9E92EA92-F5AC-42AE-84E2-A50DB88AE85F}.Release|x64.Build.0 = Release|x64
		{5425B032-86EC-444C-B745-3536FA6843D7}.Debug|Win32.ActiveCfg = Debug|Win32
		{5425B032-86EC-444C-B745-3536FA6843D7}.Debug|Win32.Build.0 = Debug|Win32
		{5425B032-86EC-444C-B745-3536FA6843D7}.Debug|x64.ActiveCfg = Debug|x64
		{5425B032-86EC-444C-B745-3536FA6843D7}.Debug|x64.Build.0 = Debug|x64
		{5425B032-86EC-444C-B745-3536FA6843D7}.Release|Win32.ActiveCfg = Release|Win32
		{5425B032-86EC-444C-B745-3536FA6843D7}.Release|Win32.Build.0 = Release|Win32
		{5425B032-86EC-444C-B745-3536FA6843D7}.Release|x64.ActiveCfg = Release|x64
		{5425B032-86EC-444C-B745-3536FA6843D7}.Release|x64.Build.0 = Release|x64
		{5C072470-386F-43A9-A153-556625869860}.Debug|Win32.ActiveCfg = Debug|Win32
		{5C072470-386F-43A9-A153-556625869860}.Debug|Win32.Build.0 = Debug|Win32
		{5C072470-386F-43A9-A153-556625869860}.Debug|x64.ActiveCfg = Debug|x64
		{5C072470-386F-43A9-A153-556625869860}.Debug|x64.Build.0 = Debug|x64
		{5C072470-386F-43A9-A153-556625869860}.Release|Win32.ActiveCfg = Release|Win32
		{5C072470-386F-43A9-A153-556625869860}.Release|Win32.Build.0 = Release|Win32
		{5C072470-386F-43A9-A153-556625869860}.Release|x64.ActiveCfg = Release|x64
		{5C072470-386F-43A9-A153-556625869860}.Release|x64.Build.0 = Release|x64
		{236E8286-E12E-475A-95D7-EE302995CFC1}.Debug|Win32.ActiveCfg = Debug|Win32
		{236E8286-E12E-475A-95D7-EE302995CFC1}.Debug|Win32.Build.0 = Debug|Win32
		{236E8286-E12E-475A-95D7-EE302995CFC1}.Debug|x64.ActiveCfg = Debug|x64
		{236E8286-E12E-475A-95D7-EE302995CFC1}.Debug|x64.Build.0 = Debug|x64
		{236E8286-E12E-475A-95D7-EE302995CFC1}.Release|Win32.ActiveCfg = Release|Win32
		{236E8286-E12E-475A-95D7-EE302995CFC1}.Release|Win32.Build.0 = Release|Win32
		{236E8286-E12E-475A-95D7-EE302995CFC1}.Release|x64.ActiveCfg = Release|x64
		{236E8286-E12E-475A-95D7-EE302995CFC1}.Release|x64.Build.0 = Release|x64
		{B1AF012F-B4BF-44A4-95AA-7C54A8ADCA9E}.Debug|Win32.ActiveCfg = Debug|Win32
		{B1AF012F-B4BF-44A4-95AA-7C54A8ADCA9E}.Debug|Win32.Build.0 = Debug|Win32
		{B1AF012F-B4BF-44A4-95AA-7C54A8ADCA9E}.Debug|x64.ActiveCfg = Debug|x64
		{B1AF012F-B4BF-44A4-95AA-7C54A8ADCA9E}.Debug|x64.Build.0 = Debug|x64
		{B1AF012F-B4BF-44A4-95AA-7C54A8ADCA9E}.Release|Win32.ActiveCfg = Release|Win32
		{B1AF012F-B4BF-44A4-95AA-7C54A8ADCA9E}.Release|Win32.Build.0 = Release|Win32
		{B1AF012F-B4BF-44A4-95AA-7C54A8ADCA9E}.Release|x64.ActiveCfg = Release|x64
		{B1AF012F-B4BF-44A4-95AA-7C54A8ADCA9E}.Release|x64.Build.0 = Release|x64
		{CF2CF921-4C4A-4CDC-9AEA-2B75CB46F6E8}.Debug|Win32.ActiveCfg = Debug|Win32
		{CF2CF921-4C4A-4CDC-9AEA-2B75CB46F6E8}.Debug|Win32.Build.0 = Debug|Win32
		{CF2CF921-4C4A-4CDC-9AEA-2B75CB46F6E8}.Debug|x64.ActiveCfg = Debug|x64
		{CF2CF921-4C4A-4CDC-9AEA-2B75CB46F6E8}.Debug|x64.Build.0 = Debug|x64
		{CF2CF921-4C4A-4CDC-9AEA-2B75CB46F6E8}.Release|Win32.ActiveCfg = Release|Win32
		{CF2CF921-4C4A-4CDC-9AEA-2B75CB46F6E8}.Release|Win32.Build.0 = Release|Win32
		{CF2CF921-4C4A-4CDC-9AEA-2B75CB46F6E8}.Release|x64.ActiveCfg = Release|x64
		{CF2CF921-4C4A-4CDC-9AEA-2B75CB46F6E8}.Release|x64.Build.0 = Release|x64
		{90B2E8C4-1DCC-4119-92CF-1F6113CCD026}.Debug|Win32.ActiveCfg = Debug|Win32
		{90B2E8C4-1DCC-4119-92CF-1F6113CCD026}.Debug|Win32.Build.0 = Debug|Win32
		{90B2E8C4-1DCC-4119-92CF-1F6113CCD026}.Debug|x64.ActiveCfg = Debug|x64
		{90B2E8C4-1DCC-4119-92CF-1F6113CCD026}.Debug|x64.Build.0 = Debug|x64
		{90B2E8C4-1DCC-4119-92CF-1F6113CCD026}.Release|Win32.ActiveCfg = Release|Win32
		{90B2E8C4-1DCC-4119-92CF-1F6113CCD026}.Release|Win32.Build.0 = Release|Win32
		{90B2E8C4-1DCC-4119-92CF-1F6113CCD026}.Release|x64.ActiveCfg = Release|x64
		{90B2E8C4-1DCC-4119-92CF-1F6113CCD026}.Release|x64.Build.0 = Release|x64
		{C91F8969-C937-4518-B728-0DF976448893}.Debug|Win32.ActiveCfg = Debug|Win32
		{C91F8969-C937-4518-B728-0DF976448893}.Debug|Win32.Build.0 = Debug|Win32
		{C91F8969-C937-4518-B728-0DF976448893}.Debug|x64.ActiveCfg = Debug|x64
		{C91F8969-C937-4518-B728-0DF976448893}.Debug|x64.Build.0 = Debug|x64
		{C91F8969-C937-4518-B728-0DF976448893}.Release|Win32.ActiveCfg = Release|Win32
		{C91F8969-C937-4518-B728-0DF976448893}.Release|Win32.Build.0 = Release|Win32
		{C91F8969-C937-4518-B728-0DF976448893}.Release|x64.ActiveCfg = Release|x64
		{C91F8969-C937-4518-B728-0DF976448893}.Release|x64.Build.0 = Release|x64
		{370F05AC-CED2-41E5-8EA4-80D56669B4CD}.Debug|Win32.ActiveCfg = Debug|Win32
		{370F05AC-CED2-41E5-8EA4-80D56669B4CD}.Debug|Win32.Build.0 = Debug|Win32
		{370F05AC-CED2-41E5-8EA4-80D56669B4CD}.Debug|x64.ActiveCfg = Debug|x64
		{370F05AC-CED2-41E5-8EA4-80D56669B4CD}.Debug|x64.Build.0 = Debug|x64
		{370F05AC-CED2-41E5-8EA4-80D56669B4CD}.Release|Win32.ActiveCfg = Release|Win32
		{370F05AC-CED2-41E5-8EA4-80D56669B4CD}.Release|Win32.Build.0 = Release|Win32
		{370F05AC-CED2-41E5-8EA4-80D56669B4CD}.Release|x64.ActiveCfg = Release|x64
		{370F05AC-CED2-41E5-8EA4-80D56669B4CD}.Release|x64.Build.0 = Release|x64
		{7ED783A8-6DD4-441C-A59C-9A1992771EDE}.Debug|Win32.ActiveCfg = Debug|Win32
		{7ED783A8-6DD4-441C-A59C-9A1992771EDE}.Debug|Win32.Build.0 = Debug|Win32
		{7ED783A8-6DD4-441C-A59C-9A1992771EDE}.Debug|x64.ActiveCfg = Debug|x64
		{7ED783A8-6DD4-441C-A59C-9A1992771EDE}.Debug|x64.Build.0 = Debug|x64
		{7ED783A8-6DD4-441C-A59C-9A1992771EDE}.Release|Win32.ActiveCfg = Release|Win32
		{7ED783A8-6DD4-441C-A59C-9A1992771EDE}.Release|Win32.Build.0 = Release|Win32
		{7ED783A8-6DD4-441C-A59C-9A1992771EDE}.Release|x64.ActiveCfg = Release|x64
		{7ED783A8-6DD4-441C-A59C-9A1992771EDE}.Release|x64.Build.0 = Release|x64
		{FE359905-5231-415A-A072-3524126DA96E}.Debug|Win32.ActiveCfg = Debug|Win32
		{FE359905-5231-415A-A072-3524126DA96E}.Debug|Win32.Build.0 = Debug|Win32
		{FE359905-5231-415A-A072-3524126DA96E}.Debug|x64.ActiveCfg = Debug|x64
		{FE359905-5231-415A-A072-3524126DA96E}.Debug|x64.Build.0 = Debug|x64
		{FE359905-5231-415A-A072-3524126DA96E}.Release|Win32.ActiveCfg = Release|Win32
		{FE359905-5231-415A-A072-3524126DA96E}.Release|Win32.Build.0 = Release|Win32
		{FE359905-5231-415A-A072-3524126DA96E}.Release|x64.ActiveCfg = Release|x64
		{FE359905-5231-415A-A072-3524126DA96E}.Release|x64.Build.0 = Release|x64
		{3CD27A9C-E4E5-495E-B67A-85CCAF36DC34}.Debug|Win32.ActiveCfg = Debug|Win32
		{3CD27A9C-E4E5-495E-B67A-85CCAF36DC34}.Debug|Win32.Build.0 = Debug|Win32
		{3CD27A9C-E4E5-495E-B67A-85CCAF36DC34}.Debug|x64.ActiveCfg = Debug|x64
		{3CD27A9C-E4E5-495E-B67A-85CCAF36DC34}.Debug|x64.Build.0 = Debug|x64
		{3CD27A9C-E4E5-495E-B67A-85CCAF36DC34}.Release|Win32.ActiveCfg = Release|Win32
		{3CD27A9C-E4E5-495E-B67A-85CCAF36DC34}.Release|Win32.Build.0 = Release|Win32
		{3CD27A9C-E4E5-495E-B67A-85CCAF36DC34}.Release|x64.ActiveCfg = Release|x64
		{3CD27A9C-E4E5-495E-B67A-85CCAF36DC34}.Release|x64.Build.0 = Release|x64
	EndGlobalSection
	GlobalSection(SolutionProperties) = preSolution
		HideSolutionNode = FALSE
	EndGlobalSection
	GlobalSection(ExtensibilityGlobals) = postSolution
		SolutionGuid = {0DB1F862-6FEB-4F5C-AA5F-AF9C1947CC3D}
	EndGlobalSection
EndGlobal
